// !$*UTF8*$!
{
	archiveVersion = 1;
	classes = {
	};
	objectVersion = 71;
	objects = {

/* Begin PBXBuildFile section */
		1D2A3B4C5D6E7F8100010001 /* iOSApp/TravelsApp/TravelsApp.swift in Sources */ = {isa = PBXBuildFile; fileRef = 1D2A3B4C5D6E7F8100010011 /* iOSApp/TravelsApp/TravelsApp.swift */; };
		1D2A3B4C5D6E7F8100010002 /* iOSApp/TravelsApp/ContentView.swift in Sources */ = {isa = PBXBuildFile; fileRef = 1D2A3B4C5D6E7F8100010012 /* iOSApp/TravelsApp/ContentView.swift */; };
		1D2A3B4C5D6E7F8100010003 /* iOSApp/TravelsApp/EventViews.swift in Sources */ = {isa = PBXBuildFile; fileRef = 1D2A3B4C5D6E7F8100010013 /* iOSApp/TravelsApp/EventViews.swift */; };
		1D2A3B4C5D6E7F8100010004 /* iOSApp/TravelsApp/SearchView.swift in Sources */ = {isa = PBXBuildFile; fileRef = 1D2A3B4C5D6E7F8100010014 /* iOSApp/TravelsApp/SearchView.swift */; };
		1D2A3B4C5D6E7F8100010005 /* iOSApp/TravelsApp/SettingsView.swift in Sources */ = {isa = PBXBuildFile; fileRef = 1D2A3B4C5D6E7F8100010015 /* iOSApp/TravelsApp/SettingsView.swift */; };
		1D2A3B4C5D6E7F8100010006 /* iOSApp/TravelsApp/TravelsModel.swift in Sources */ = {isa = PBXBuildFile; fileRef = 1D2A3B4C5D6E7F8100010016 /* iOSApp/TravelsApp/TravelsModel.swift */; };
		1D2A3B4C5D6E7F8100010008 /* Sources/TravelsCore/DateTools.swift in Sources */ = {isa = PBXBuildFile; fileRef = 1D2A3B4C5D6E7F8100010021 /* Sources/TravelsCore/DateTools.swift */; };
		1D2A3B4C5D6E7F8100010009 /* Sources/TravelsCore/GPXCodec.swift in Sources */ = {isa = PBXBuildFile; fileRef = 1D2A3B4C5D6E7F8100010022 /* Sources/TravelsCore/GPXCodec.swift */; };
		1D2A3B4C5D6E7F810001000A /* Sources/TravelsCore/LegacyTravelsImporter.swift in Sources */ = {isa = PBXBuildFile; fileRef = 1D2A3B4C5D6E7F8100010023 /* Sources/TravelsCore/LegacyTravelsImporter.swift */; };
		1D2A3B4C5D6E7F810001000B /* Sources/TravelsCore/LocationFiltering.swift in Sources */ = {isa = PBXBuildFile; fileRef = 1D2A3B4C5D6E7F8100010024 /* Sources/TravelsCore/LocationFiltering.swift */; };
		1D2A3B4C5D6E7F810001000C /* Sources/TravelsCore/Models.swift in Sources */ = {isa = PBXBuildFile; fileRef = 1D2A3B4C5D6E7F8100010025 /* Sources/TravelsCore/Models.swift */; };
		1D2A3B4C5D6E7F810001000D /* Sources/TravelsCore/SettingsStore.swift in Sources */ = {isa = PBXBuildFile; fileRef = 1D2A3B4C5D6E7F8100010026 /* Sources/TravelsCore/SettingsStore.swift */; };
		1D2A3B4C5D6E7F810001000E /* Sources/TravelsCore/SQLiteDatabase.swift in Sources */ = {isa = PBXBuildFile; fileRef = 1D2A3B4C5D6E7F8100010027 /* Sources/TravelsCore/SQLiteDatabase.swift */; };
		1D2A3B4C5D6E7F810001000F /* Sources/TravelsCore/TravelsStore.swift in Sources */ = {isa = PBXBuildFile; fileRef = 1D2A3B4C5D6E7F8100010028 /* Sources/TravelsCore/TravelsStore.swift */; };
		1D2A3B4C5D6E7F8100010018 /* iOSApp/TravelsApp/ShareSheet.swift in Sources */ = {isa = PBXBuildFile; fileRef = 1D2A3B4C5D6E7F8100010029 /* iOSApp/TravelsApp/ShareSheet.swift */; };
		1D2A3B4C5D6E7F8100010019 /* iOSApp/TravelsApp/LocationTrackingService.swift in Sources */ = {isa = PBXBuildFile; fileRef = 1D2A3B4C5D6E7F8100010035 /* iOSApp/TravelsApp/LocationTrackingService.swift */; };
		1D2A3B4C5D6E7F810001001A /* Sources/TravelsCore/SolarTwilight.swift in Sources */ = {isa = PBXBuildFile; fileRef = 1D2A3B4C5D6E7F810001004A /* Sources/TravelsCore/SolarTwilight.swift */; };
		1D2A3B4C5D6E7F810001001B /* Sources/TravelsCore/TimeOfDayColorResolver.swift in Sources */ = {isa = PBXBuildFile; fileRef = 1D2A3B4C5D6E7F810001004B /* Sources/TravelsCore/TimeOfDayColorResolver.swift */; };
		1D2A3B4C5D6E7F810001002A /* iOSApp/TravelsApp/PhotoImportView.swift in Sources */ = {isa = PBXBuildFile; fileRef = 1D2A3B4C5D6E7F8100010036 /* iOSApp/TravelsApp/PhotoImportView.swift */; };
		1D2A3B4C5D6E7F810001002B /* Sources/TravelsCore/DemoData.swift in Sources */ = {isa = PBXBuildFile; fileRef = 1D2A3B4C5D6E7F8100010037 /* Sources/TravelsCore/DemoData.swift */; };
		1D2A3B4C5D6E7F810001002C /* iOSApp/TravelsApp/ReverseGeocodingService.swift in Sources */ = {isa = PBXBuildFile; fileRef = 1D2A3B4C5D6E7F8100010038 /* iOSApp/TravelsApp/ReverseGeocodingService.swift */; };
		1D2A3B4C5D6E7F810001002D /* iOSApp/TravelsApp/DeveloperDiagnosticsView.swift in Sources */ = {isa = PBXBuildFile; fileRef = 1D2A3B4C5D6E7F8100010039 /* iOSApp/TravelsApp/DeveloperDiagnosticsView.swift */; };
		1D2A3B4C5D6E7F810001003A /* Fixtures/demo-2017-06-30.gpx in Resources */ = {isa = PBXBuildFile; fileRef = 1D2A3B4C5D6E7F8100010046 /* Fixtures/demo-2017-06-30.gpx */; };
		1D2A3B4C5D6E7F810001003B /* Fixtures/demo-2018-01-05.gpx in Resources */ = {isa = PBXBuildFile; fileRef = 1D2A3B4C5D6E7F8100010047 /* Fixtures/demo-2018-01-05.gpx */; };
		1D2A3B4C5D6E7F810001003C /* Fixtures/demo-2018-07-06.gpx in Resources */ = {isa = PBXBuildFile; fileRef = 1D2A3B4C5D6E7F8100010048 /* Fixtures/demo-2018-07-06.gpx */; };
		1D2A3B4C5D6E7F810001003D /* iOSApp/TravelsApp/Assets.xcassets in Resources */ = {isa = PBXBuildFile; fileRef = 1D2A3B4C5D6E7F8100010049 /* iOSApp/TravelsApp/Assets.xcassets */; };
		1D2A3B4C5D6E7F810001004C /* Sources/TravelsCore/TripDetection.swift in Sources */ = {isa = PBXBuildFile; fileRef = 1D2A3B4C5D6E7F810001004D /* Sources/TravelsCore/TripDetection.swift */; };
		1D2A3B4C5D6E7F810001004E /* Sources/TravelsCore/CurrentLocationCaptureAvailability.swift in Sources */ = {isa = PBXBuildFile; fileRef = 1D2A3B4C5D6E7F810001004F /* Sources/TravelsCore/CurrentLocationCaptureAvailability.swift */; };
/* End PBXBuildFile section */

/* Begin PBXFileReference section */
		1D2A3B4C5D6E7F8100010010 /* Travels.app */ = {isa = PBXFileReference; explicitFileType = wrapper.application; includeInIndex = 0; path = Travels.app; sourceTree = BUILT_PRODUCTS_DIR; };
		1D2A3B4C5D6E7F8100010011 /* iOSApp/TravelsApp/TravelsApp.swift */ = {isa = PBXFileReference; lastKnownFileType = sourcecode.swift; path = iOSApp/TravelsApp/TravelsApp.swift; sourceTree = SOURCE_ROOT; };
		1D2A3B4C5D6E7F8100010012 /* iOSApp/TravelsApp/ContentView.swift */ = {isa = PBXFileReference; lastKnownFileType = sourcecode.swift; path = iOSApp/TravelsApp/ContentView.swift; sourceTree = SOURCE_ROOT; };
		1D2A3B4C5D6E7F8100010013 /* iOSApp/TravelsApp/EventViews.swift */ = {isa = PBXFileReference; lastKnownFileType = sourcecode.swift; path = iOSApp/TravelsApp/EventViews.swift; sourceTree = SOURCE_ROOT; };
		1D2A3B4C5D6E7F8100010014 /* iOSApp/TravelsApp/SearchView.swift */ = {isa = PBXFileReference; lastKnownFileType = sourcecode.swift; path = iOSApp/TravelsApp/SearchView.swift; sourceTree = SOURCE_ROOT; };
		1D2A3B4C5D6E7F8100010015 /* iOSApp/TravelsApp/SettingsView.swift */ = {isa = PBXFileReference; lastKnownFileType = sourcecode.swift; path = iOSApp/TravelsApp/SettingsView.swift; sourceTree = SOURCE_ROOT; };
		1D2A3B4C5D6E7F8100010016 /* iOSApp/TravelsApp/TravelsModel.swift */ = {isa = PBXFileReference; lastKnownFileType = sourcecode.swift; path = iOSApp/TravelsApp/TravelsModel.swift; sourceTree = SOURCE_ROOT; };
		1D2A3B4C5D6E7F8100010017 /* iOSApp/TravelsApp/Info.plist */ = {isa = PBXFileReference; lastKnownFileType = text.plist.xml; path = iOSApp/TravelsApp/Info.plist; sourceTree = SOURCE_ROOT; };
		1D2A3B4C5D6E7F8100010020 /* Package.swift */ = {isa = PBXFileReference; lastKnownFileType = text; path = Package.swift; sourceTree = SOURCE_ROOT; };
		1D2A3B4C5D6E7F8100010021 /* Sources/TravelsCore/DateTools.swift */ = {isa = PBXFileReference; lastKnownFileType = sourcecode.swift; path = Sources/TravelsCore/DateTools.swift; sourceTree = SOURCE_ROOT; };
		1D2A3B4C5D6E7F8100010022 /* Sources/TravelsCore/GPXCodec.swift */ = {isa = PBXFileReference; lastKnownFileType = sourcecode.swift; path = Sources/TravelsCore/GPXCodec.swift; sourceTree = SOURCE_ROOT; };
		1D2A3B4C5D6E7F8100010023 /* Sources/TravelsCore/LegacyTravelsImporter.swift */ = {isa = PBXFileReference; lastKnownFileType = sourcecode.swift; path = Sources/TravelsCore/LegacyTravelsImporter.swift; sourceTree = SOURCE_ROOT; };
		1D2A3B4C5D6E7F8100010024 /* Sources/TravelsCore/LocationFiltering.swift */ = {isa = PBXFileReference; lastKnownFileType = sourcecode.swift; path = Sources/TravelsCore/LocationFiltering.swift; sourceTree = SOURCE_ROOT; };
		1D2A3B4C5D6E7F8100010025 /* Sources/TravelsCore/Models.swift */ = {isa = PBXFileReference; lastKnownFileType = sourcecode.swift; path = Sources/TravelsCore/Models.swift; sourceTree = SOURCE_ROOT; };
		1D2A3B4C5D6E7F8100010026 /* Sources/TravelsCore/SettingsStore.swift */ = {isa = PBXFileReference; lastKnownFileType = sourcecode.swift; path = Sources/TravelsCore/SettingsStore.swift; sourceTree = SOURCE_ROOT; };
		1D2A3B4C5D6E7F8100010027 /* Sources/TravelsCore/SQLiteDatabase.swift */ = {isa = PBXFileReference; lastKnownFileType = sourcecode.swift; path = Sources/TravelsCore/SQLiteDatabase.swift; sourceTree = SOURCE_ROOT; };
		1D2A3B4C5D6E7F8100010028 /* Sources/TravelsCore/TravelsStore.swift */ = {isa = PBXFileReference; lastKnownFileType = sourcecode.swift; path = Sources/TravelsCore/TravelsStore.swift; sourceTree = SOURCE_ROOT; };
		1D2A3B4C5D6E7F8100010029 /* iOSApp/TravelsApp/ShareSheet.swift */ = {isa = PBXFileReference; lastKnownFileType = sourcecode.swift; path = iOSApp/TravelsApp/ShareSheet.swift; sourceTree = SOURCE_ROOT; };
		1D2A3B4C5D6E7F8100010035 /* iOSApp/TravelsApp/LocationTrackingService.swift */ = {isa = PBXFileReference; lastKnownFileType = sourcecode.swift; path = iOSApp/TravelsApp/LocationTrackingService.swift; sourceTree = SOURCE_ROOT; };
		1D2A3B4C5D6E7F8100010036 /* iOSApp/TravelsApp/PhotoImportView.swift */ = {isa = PBXFileReference; lastKnownFileType = sourcecode.swift; path = iOSApp/TravelsApp/PhotoImportView.swift; sourceTree = SOURCE_ROOT; };
		1D2A3B4C5D6E7F8100010037 /* Sources/TravelsCore/DemoData.swift */ = {isa = PBXFileReference; lastKnownFileType = sourcecode.swift; path = Sources/TravelsCore/DemoData.swift; sourceTree = SOURCE_ROOT; };
		1D2A3B4C5D6E7F8100010038 /* iOSApp/TravelsApp/ReverseGeocodingService.swift */ = {isa = PBXFileReference; lastKnownFileType = sourcecode.swift; path = iOSApp/TravelsApp/ReverseGeocodingService.swift; sourceTree = SOURCE_ROOT; };
		1D2A3B4C5D6E7F8100010039 /* iOSApp/TravelsApp/DeveloperDiagnosticsView.swift */ = {isa = PBXFileReference; lastKnownFileType = sourcecode.swift; path = iOSApp/TravelsApp/DeveloperDiagnosticsView.swift; sourceTree = SOURCE_ROOT; };
		1D2A3B4C5D6E7F8100010046 /* Fixtures/demo-2017-06-30.gpx */ = {isa = PBXFileReference; lastKnownFileType = text.xml; path = "Fixtures/demo-2017-06-30.gpx"; sourceTree = SOURCE_ROOT; };
		1D2A3B4C5D6E7F8100010047 /* Fixtures/demo-2018-01-05.gpx */ = {isa = PBXFileReference; lastKnownFileType = text.xml; path = "Fixtures/demo-2018-01-05.gpx"; sourceTree = SOURCE_ROOT; };
		1D2A3B4C5D6E7F8100010048 /* Fixtures/demo-2018-07-06.gpx */ = {isa = PBXFileReference; lastKnownFileType = text.xml; path = "Fixtures/demo-2018-07-06.gpx"; sourceTree = SOURCE_ROOT; };
		1D2A3B4C5D6E7F8100010049 /* iOSApp/TravelsApp/Assets.xcassets */ = {isa = PBXFileReference; lastKnownFileType = folder.assetcatalog; path = iOSApp/TravelsApp/Assets.xcassets; sourceTree = SOURCE_ROOT; };
		1D2A3B4C5D6E7F810001004A /* Sources/TravelsCore/SolarTwilight.swift */ = {isa = PBXFileReference; lastKnownFileType = sourcecode.swift; path = Sources/TravelsCore/SolarTwilight.swift; sourceTree = SOURCE_ROOT; };
		1D2A3B4C5D6E7F810001004B /* Sources/TravelsCore/TimeOfDayColorResolver.swift */ = {isa = PBXFileReference; lastKnownFileType = sourcecode.swift; path = Sources/TravelsCore/TimeOfDayColorResolver.swift; sourceTree = SOURCE_ROOT; };
		1D2A3B4C5D6E7F810001004D /* Sources/TravelsCore/TripDetection.swift */ = {isa = PBXFileReference; lastKnownFileType = sourcecode.swift; path = Sources/TravelsCore/TripDetection.swift; sourceTree = SOURCE_ROOT; };
		1D2A3B4C5D6E7F810001004F /* Sources/TravelsCore/CurrentLocationCaptureAvailability.swift */ = {isa = PBXFileReference; lastKnownFileType = sourcecode.swift; path = Sources/TravelsCore/CurrentLocationCaptureAvailability.swift; sourceTree = SOURCE_ROOT; };
		1D2A3B4C5D6E7F8100010051 /* Config/Signing.xcconfig */ = {isa = PBXFileReference; lastKnownFileType = text.xcconfig; path = Config/Signing.xcconfig; sourceTree = SOURCE_ROOT; };
/* End PBXFileReference section */

/* Begin PBXFrameworksBuildPhase section */
		1D2A3B4C5D6E7F8100010030 /* Frameworks */ = {
			isa = PBXFrameworksBuildPhase;
			buildActionMask = 2147483647;
			files = (
			);
			runOnlyForDeploymentPostprocessing = 0;
		};
/* End PBXFrameworksBuildPhase section */

/* Begin PBXGroup section */
		1D2A3B4C5D6E7F8100010040 = {
			isa = PBXGroup;
			children = (
				1D2A3B4C5D6E7F8100010041 /* Products */,
				1D2A3B4C5D6E7F8100010052 /* Config */,
				1D2A3B4C5D6E7F8100010045 /* Fixtures */,
				1D2A3B4C5D6E7F8100010044 /* Sources */,
				1D2A3B4C5D6E7F8100010042 /* iOSApp */,
				1D2A3B4C5D6E7F8100010043 /* Package.swift */,
			);
			sourceTree = "<group>";
		};
		1D2A3B4C5D6E7F8100010041 /* Products */ = {
			isa = PBXGroup;
			children = (
				1D2A3B4C5D6E7F8100010010 /* Travels.app */,
			);
			name = Products;
			sourceTree = "<group>";
		};
		1D2A3B4C5D6E7F8100010042 /* iOSApp */ = {
			isa = PBXGroup;
			children = (
				1D2A3B4C5D6E7F8100010011 /* iOSApp/TravelsApp/TravelsApp.swift */,
				1D2A3B4C5D6E7F8100010012 /* iOSApp/TravelsApp/ContentView.swift */,
				1D2A3B4C5D6E7F8100010013 /* iOSApp/TravelsApp/EventViews.swift */,
				1D2A3B4C5D6E7F8100010014 /* iOSApp/TravelsApp/SearchView.swift */,
				1D2A3B4C5D6E7F8100010015 /* iOSApp/TravelsApp/SettingsView.swift */,
				1D2A3B4C5D6E7F8100010016 /* iOSApp/TravelsApp/TravelsModel.swift */,
				1D2A3B4C5D6E7F8100010029 /* iOSApp/TravelsApp/ShareSheet.swift */,
				1D2A3B4C5D6E7F8100010035 /* iOSApp/TravelsApp/LocationTrackingService.swift */,
				1D2A3B4C5D6E7F8100010036 /* iOSApp/TravelsApp/PhotoImportView.swift */,
				1D2A3B4C5D6E7F8100010038 /* iOSApp/TravelsApp/ReverseGeocodingService.swift */,
				1D2A3B4C5D6E7F8100010039 /* iOSApp/TravelsApp/DeveloperDiagnosticsView.swift */,
				1D2A3B4C5D6E7F8100010049 /* iOSApp/TravelsApp/Assets.xcassets */,
				1D2A3B4C5D6E7F8100010017 /* iOSApp/TravelsApp/Info.plist */,
			);
			path = iOSApp;
			sourceTree = SOURCE_ROOT;
		};
		1D2A3B4C5D6E7F8100010043 /* Package.swift */ = {
			isa = PBXGroup;
			children = (
				1D2A3B4C5D6E7F8100010020 /* Package.swift */,
			);
			name = Package.swift;
			sourceTree = "<group>";
		};
		1D2A3B4C5D6E7F8100010044 /* Sources */ = {
			isa = PBXGroup;
			children = (
				1D2A3B4C5D6E7F8100010021 /* Sources/TravelsCore/DateTools.swift */,
				1D2A3B4C5D6E7F8100010022 /* Sources/TravelsCore/GPXCodec.swift */,
				1D2A3B4C5D6E7F8100010023 /* Sources/TravelsCore/LegacyTravelsImporter.swift */,
				1D2A3B4C5D6E7F8100010024 /* Sources/TravelsCore/LocationFiltering.swift */,
				1D2A3B4C5D6E7F8100010025 /* Sources/TravelsCore/Models.swift */,
				1D2A3B4C5D6E7F8100010026 /* Sources/TravelsCore/SettingsStore.swift */,
				1D2A3B4C5D6E7F8100010027 /* Sources/TravelsCore/SQLiteDatabase.swift */,
				1D2A3B4C5D6E7F8100010028 /* Sources/TravelsCore/TravelsStore.swift */,
				1D2A3B4C5D6E7F810001004A /* Sources/TravelsCore/SolarTwilight.swift */,
				1D2A3B4C5D6E7F810001004B /* Sources/TravelsCore/TimeOfDayColorResolver.swift */,
				1D2A3B4C5D6E7F810001004D /* Sources/TravelsCore/TripDetection.swift */,
				1D2A3B4C5D6E7F810001004F /* Sources/TravelsCore/CurrentLocationCaptureAvailability.swift */,
				1D2A3B4C5D6E7F8100010037 /* Sources/TravelsCore/DemoData.swift */,
			);
			name = Sources;
			sourceTree = "<group>";
		};
		1D2A3B4C5D6E7F8100010045 /* Fixtures */ = {
			isa = PBXGroup;
			children = (
				1D2A3B4C5D6E7F8100010046 /* Fixtures/demo-2017-06-30.gpx */,
				1D2A3B4C5D6E7F8100010047 /* Fixtures/demo-2018-01-05.gpx */,
				1D2A3B4C5D6E7F8100010048 /* Fixtures/demo-2018-07-06.gpx */,
			);
			path = Fixtures;
			sourceTree = SOURCE_ROOT;
		};
		1D2A3B4C5D6E7F8100010052 /* Config */ = {
			isa = PBXGroup;
			children = (
				1D2A3B4C5D6E7F8100010051 /* Config/Signing.xcconfig */,
			);
			path = Config;
			sourceTree = SOURCE_ROOT;
		};
/* End PBXGroup section */

/* Begin PBXNativeTarget section */
		1D2A3B4C5D6E7F8100010050 /* Travels */ = {
			isa = PBXNativeTarget;
			buildConfigurationList = 1D2A3B4C5D6E7F8100010060 /* Build configuration list for PBXNativeTarget "Travels" */;
			buildPhases = (
				1D2A3B4C5D6E7F8100010031 /* Sources */,
				1D2A3B4C5D6E7F8100010030 /* Frameworks */,
				1D2A3B4C5D6E7F8100010032 /* Resources */,
				1D2A3B4C5D6E7F8100010034 /* ShellScript */,
				1D2A3B4C5D6E7F810001003E /* ShellScript */,
			);
			buildRules = (
			);
			dependencies = (
			);
			name = Travels;
			productName = Travels;
			productReference = 1D2A3B4C5D6E7F8100010010 /* Travels.app */;
			productType = "com.apple.product-type.application";
		};
/* End PBXNativeTarget section */

/* Begin PBXProject section */
		1D2A3B4C5D6E7F8100010070 /* Project object */ = {
			isa = PBXProject;
			attributes = {
				BuildIndependentTargetsInParallel = 1;
				LastSwiftUpdateCheck = 2605;
				LastUpgradeCheck = 2605;
				TargetAttributes = {
					1D2A3B4C5D6E7F8100010050 = {
						CreatedOnToolsVersion = 26.5;
					};
				};
			};
			buildConfigurationList = 1D2A3B4C5D6E7F8100010071 /* Build configuration list for PBXProject "Travels" */;
			compatibilityVersion = "Xcode 16.0";
			developmentRegion = en;
			hasScannedForEncodings = 0;
			knownRegions = (
				en,
				Base,
			);
			mainGroup = 1D2A3B4C5D6E7F8100010040;
			minimizedProjectReferenceProxies = 1;
			productRefGroup = 1D2A3B4C5D6E7F8100010041 /* Products */;
			projectDirPath = "";
			projectRoot = "";
			targets = (
				1D2A3B4C5D6E7F8100010050 /* Travels */,
			);
		};
/* End PBXProject section */

/* Begin PBXResourcesBuildPhase section */
		1D2A3B4C5D6E7F8100010032 /* Resources */ = {
			isa = PBXResourcesBuildPhase;
			buildActionMask = 2147483647;
			files = (
				1D2A3B4C5D6E7F810001003A /* Fixtures/demo-2017-06-30.gpx in Resources */,
				1D2A3B4C5D6E7F810001003B /* Fixtures/demo-2018-01-05.gpx in Resources */,
				1D2A3B4C5D6E7F810001003C /* Fixtures/demo-2018-07-06.gpx in Resources */,
				1D2A3B4C5D6E7F810001003D /* iOSApp/TravelsApp/Assets.xcassets in Resources */,
			);
			runOnlyForDeploymentPostprocessing = 0;
		};
/* End PBXResourcesBuildPhase section */

/* Begin PBXShellScriptBuildPhase section */
		1D2A3B4C5D6E7F8100010034 /* ShellScript */ = {
			isa = PBXShellScriptBuildPhase;
			buildActionMask = 2147483647;
			files = (
			);
			inputFileListPaths = (
			);
			inputPaths = (
			);
			outputFileListPaths = (
			);
			outputPaths = (
				"$(DERIVED_FILE_DIR)/TravelsStripBundleMetadata.stamp",
			);
			runOnlyForDeploymentPostprocessing = 0;
			shellPath = /bin/sh;
			shellScript = "if [ -n \"${TARGET_BUILD_DIR:-}\" ] && [ -n \"${FULL_PRODUCT_NAME:-}\" ]; then\n  xattr -cr \"${TARGET_BUILD_DIR}/${FULL_PRODUCT_NAME}\"\nfi\nmkdir -p \"${DERIVED_FILE_DIR}\"\ntouch \"${DERIVED_FILE_DIR}/TravelsStripBundleMetadata.stamp\"\n";
		};
		1D2A3B4C5D6E7F810001003E /* ShellScript */ = {
			isa = PBXShellScriptBuildPhase;
			alwaysOutOfDate = 1;
			buildActionMask = 2147483647;
			files = (
			);
			inputFileListPaths = (
			);
			inputPaths = (
			);
			outputFileListPaths = (
			);
			outputPaths = (
				"$(DERIVED_FILE_DIR)/TravelsStampedInfo.plist",
				"$(DERIVED_FILE_DIR)/TravelsStampBuildVersion.stamp",
			);
			runOnlyForDeploymentPostprocessing = 0;
			shellPath = /bin/sh;
			shellScript = "bash \"${PROJECT_DIR}/scripts/stamp_build_version.sh\"\nmkdir -p \"${DERIVED_FILE_DIR}\"\ntouch \"${DERIVED_FILE_DIR}/TravelsStampBuildVersion.stamp\"\n";
		};
/* End PBXShellScriptBuildPhase section */

/* Begin PBXSourcesBuildPhase section */
		1D2A3B4C5D6E7F8100010031 /* Sources */ = {
			isa = PBXSourcesBuildPhase;
			buildActionMask = 2147483647;
			files = (
				1D2A3B4C5D6E7F8100010008 /* Sources/TravelsCore/DateTools.swift in Sources */,
				1D2A3B4C5D6E7F8100010009 /* Sources/TravelsCore/GPXCodec.swift in Sources */,
				1D2A3B4C5D6E7F810001000A /* Sources/TravelsCore/LegacyTravelsImporter.swift in Sources */,
				1D2A3B4C5D6E7F810001000B /* Sources/TravelsCore/LocationFiltering.swift in Sources */,
				1D2A3B4C5D6E7F810001000C /* Sources/TravelsCore/Models.swift in Sources */,
				1D2A3B4C5D6E7F810001000D /* Sources/TravelsCore/SettingsStore.swift in Sources */,
				1D2A3B4C5D6E7F810001000E /* Sources/TravelsCore/SQLiteDatabase.swift in Sources */,
				1D2A3B4C5D6E7F810001000F /* Sources/TravelsCore/TravelsStore.swift in Sources */,
				1D2A3B4C5D6E7F810001001A /* Sources/TravelsCore/SolarTwilight.swift in Sources */,
				1D2A3B4C5D6E7F810001001B /* Sources/TravelsCore/TimeOfDayColorResolver.swift in Sources */,
				1D2A3B4C5D6E7F810001004C /* Sources/TravelsCore/TripDetection.swift in Sources */,
				1D2A3B4C5D6E7F810001004E /* Sources/TravelsCore/CurrentLocationCaptureAvailability.swift in Sources */,
				1D2A3B4C5D6E7F810001002B /* Sources/TravelsCore/DemoData.swift in Sources */,
				1D2A3B4C5D6E7F8100010001 /* iOSApp/TravelsApp/TravelsApp.swift in Sources */,
				1D2A3B4C5D6E7F8100010002 /* iOSApp/TravelsApp/ContentView.swift in Sources */,
				1D2A3B4C5D6E7F8100010003 /* iOSApp/TravelsApp/EventViews.swift in Sources */,
				1D2A3B4C5D6E7F8100010004 /* iOSApp/TravelsApp/SearchView.swift in Sources */,
				1D2A3B4C5D6E7F8100010005 /* iOSApp/TravelsApp/SettingsView.swift in Sources */,
				1D2A3B4C5D6E7F8100010006 /* iOSApp/TravelsApp/TravelsModel.swift in Sources */,
				1D2A3B4C5D6E7F8100010018 /* iOSApp/TravelsApp/ShareSheet.swift in Sources */,
				1D2A3B4C5D6E7F8100010019 /* iOSApp/TravelsApp/LocationTrackingService.swift in Sources */,
				1D2A3B4C5D6E7F810001002A /* iOSApp/TravelsApp/PhotoImportView.swift in Sources */,
				1D2A3B4C5D6E7F810001002C /* iOSApp/TravelsApp/ReverseGeocodingService.swift in Sources */,
				1D2A3B4C5D6E7F810001002D /* iOSApp/TravelsApp/DeveloperDiagnosticsView.swift in Sources */,
			);
			runOnlyForDeploymentPostprocessing = 0;
		};
/* End PBXSourcesBuildPhase section */

/* Begin XCBuildConfiguration section */
		1D2A3B4C5D6E7F8100010090 /* Debug */ = {
			isa = XCBuildConfiguration;
			baseConfigurationReference = 1D2A3B4C5D6E7F8100010051 /* Config/Signing.xcconfig */;
			buildSettings = {
				ALWAYS_SEARCH_USER_PATHS = NO;
				ASSETCATALOG_COMPILER_APPICON_NAME = AppIcon;
				ASSETCATALOG_COMPILER_GENERATE_SWIFT_ASSET_SYMBOL_EXTENSIONS = YES;
				CLANG_ENABLE_MODULES = YES;
				CLANG_ENABLE_OBJC_ARC = YES;
				CODE_SIGNING_ALLOWED = YES;
				CODE_SIGNING_REQUIRED = YES;
				CODE_SIGN_STYLE = Automatic;
				CURRENT_PROJECT_VERSION = 0;
				DEBUG_INFORMATION_FORMAT = dwarf;
				DEVELOPMENT_ASSET_PATHS = "";
				ENABLE_PREVIEWS = YES;
				GENERATE_INFOPLIST_FILE = NO;
				HEADER_SEARCH_PATHS = "$(PROJECT_DIR)/Sources/CSQLite";
				INFOPLIST_FILE = "$(DERIVED_FILE_DIR)/TravelsStampedInfo.plist";
				IPHONEOS_DEPLOYMENT_TARGET = 17.0;
				LD_RUNPATH_SEARCH_PATHS = (
					"$(inherited)",
					"@executable_path/Frameworks",
				);
				MARKETING_VERSION = 2.0.0;
				OTHER_LDFLAGS = "$(inherited)";
				PRODUCT_BUNDLE_IDENTIFIER = com.adigitalanalog.Travels;
				PRODUCT_NAME = Travels;
				SDKROOT = iphoneos;
				SWIFT_EMIT_LOC_STRINGS = YES;
				SWIFT_INCLUDE_PATHS = "$(PROJECT_DIR)/Sources/CSQLite";
				SWIFT_VERSION = 6.0;
				TARGETED_DEVICE_FAMILY = 1;
			};
			name = Debug;
		};
		1D2A3B4C5D6E7F8100010091 /* Release */ = {
			isa = XCBuildConfiguration;
			baseConfigurationReference = 1D2A3B4C5D6E7F8100010051 /* Config/Signing.xcconfig */;
			buildSettings = {
				ALWAYS_SEARCH_USER_PATHS = NO;
				ASSETCATALOG_COMPILER_APPICON_NAME = AppIcon;
				ASSETCATALOG_COMPILER_GENERATE_SWIFT_ASSET_SYMBOL_EXTENSIONS = YES;
				CLANG_ENABLE_MODULES = YES;
				CLANG_ENABLE_OBJC_ARC = YES;
				CODE_SIGNING_ALLOWED = YES;
				CODE_SIGNING_REQUIRED = YES;
				CODE_SIGN_STYLE = Automatic;
				CURRENT_PROJECT_VERSION = 0;
				DEBUG_INFORMATION_FORMAT = "dwarf-with-dsym";
				DEVELOPMENT_ASSET_PATHS = "";
				ENABLE_PREVIEWS = YES;
				GENERATE_INFOPLIST_FILE = NO;
				HEADER_SEARCH_PATHS = "$(PROJECT_DIR)/Sources/CSQLite";
				INFOPLIST_FILE = "$(DERIVED_FILE_DIR)/TravelsStampedInfo.plist";
				IPHONEOS_DEPLOYMENT_TARGET = 17.0;
				LD_RUNPATH_SEARCH_PATHS = (
					"$(inherited)",
					"@executable_path/Frameworks",
				);
				MARKETING_VERSION = 2.0.0;
				OTHER_LDFLAGS = "$(inherited)";
				PRODUCT_BUNDLE_IDENTIFIER = com.adigitalanalog.Travels;
				PRODUCT_NAME = Travels;
				SDKROOT = iphoneos;
				SWIFT_EMIT_LOC_STRINGS = YES;
				SWIFT_INCLUDE_PATHS = "$(PROJECT_DIR)/Sources/CSQLite";
				SWIFT_OPTIMIZATION_LEVEL = "-Owholemodule";
				SWIFT_VERSION = 6.0;
				TARGETED_DEVICE_FAMILY = 1;
			};
			name = Release;
		};
		1D2A3B4C5D6E7F8100010092 /* Debug */ = {
			isa = XCBuildConfiguration;
			buildSettings = {
				ALWAYS_SEARCH_USER_PATHS = NO;
				CLANG_ANALYZER_NONNULL = YES;
				CLANG_ANALYZER_NUMBER_OBJECT_CONVERSION = YES_AGGRESSIVE;
				CLANG_CXX_LANGUAGE_STANDARD = "gnu++20";
				CLANG_ENABLE_MODULES = YES;
				CLANG_ENABLE_OBJC_ARC = YES;
				CLANG_WARN_BLOCK_CAPTURE_AUTORELEASING = YES;
				CLANG_WARN_BOOL_CONVERSION = YES;
				CLANG_WARN_COMMA = YES;
				CLANG_WARN_CONSTANT_CONVERSION = YES;
				CLANG_WARN_DEPRECATED_OBJC_IMPLEMENTATIONS = YES;
				CLANG_WARN_DIRECT_OBJC_ISA_USAGE = YES_ERROR;
				CLANG_WARN_DOCUMENTATION_COMMENTS = YES;
				CLANG_WARN_EMPTY_BODY = YES;
				CLANG_WARN_ENUM_CONVERSION = YES;
				CLANG_WARN_INFINITE_RECURSION = YES;
				CLANG_WARN_INT_CONVERSION = YES;
				CLANG_WARN_NON_LITERAL_NULL_CONVERSION = YES;
				CLANG_WARN_OBJC_IMPLICIT_RETAIN_SELF = YES;
				CLANG_WARN_OBJC_LITERAL_CONVERSION = YES;
				CLANG_WARN_OBJC_ROOT_CLASS = YES_ERROR;
				CLANG_WARN_QUOTED_INCLUDE_IN_FRAMEWORK_HEADER = YES;
				CLANG_WARN_RANGE_LOOP_ANALYSIS = YES;
				CLANG_WARN_STRICT_PROTOTYPES = YES;
				CLANG_WARN_SUSPICIOUS_MOVE = YES;
				COPY_PHASE_STRIP = NO;
				DEBUG_INFORMATION_FORMAT = dwarf;
				DEVELOPMENT_TEAM = "";
				GCC_C_LANGUAGE_STANDARD = gnu17;
				GCC_NO_COMMON_BLOCKS = YES;
				GCC_OPTIMIZATION_LEVEL = 0;
				GCC_PREPROCESSOR_DEFINITIONS = (
					"DEBUG=1",
					"$(inherited)",
				);
				IPHONEOS_DEPLOYMENT_TARGET = 17.0;
				MTL_ENABLE_DEBUG_INFO = INCLUDE_SOURCE;
				MTL_FAST_MATH = YES;
				ONLY_ACTIVE_ARCH = YES;
				PRODUCT_NAME = Travels;
				SWIFT_ACTIVE_COMPILATION_CONDITIONS = "DEBUG $(inherited)";
				SWIFT_OPTIMIZATION_LEVEL = "-Onone";
				SWIFT_VERSION = 6.0;
				SYMROOT = /tmp/TravelsBuild;
			};
			name = Debug;
		};
		1D2A3B4C5D6E7F8100010093 /* Release */ = {
			isa = XCBuildConfiguration;
			buildSettings = {
				ALWAYS_SEARCH_USER_PATHS = NO;
				CLANG_ANALYZER_NONNULL = YES;
				CLANG_ANALYZER_NUMBER_OBJECT_CONVERSION = YES_AGGRESSIVE;
				CLANG_CXX_LANGUAGE_STANDARD = "gnu++20";
				CLANG_ENABLE_MODULES = YES;
				CLANG_ENABLE_OBJC_ARC = YES;
				CLANG_WARN_BLOCK_CAPTURE_AUTORELEASING = YES;
				CLANG_WARN_BOOL_CONVERSION = YES;
				CLANG_WARN_COMMA = YES;
				CLANG_WARN_CONSTANT_CONVERSION = YES;
				CLANG_WARN_DEPRECATED_OBJC_IMPLEMENTATIONS = YES;
				CLANG_WARN_DIRECT_OBJC_ISA_USAGE = YES_ERROR;
				CLANG_WARN_DOCUMENTATION_COMMENTS = YES;
				CLANG_WARN_EMPTY_BODY = YES;
				CLANG_WARN_ENUM_CONVERSION = YES;
				CLANG_WARN_INFINITE_RECURSION = YES;
				CLANG_WARN_INT_CONVERSION = YES;
				CLANG_WARN_NON_LITERAL_NULL_CONVERSION = YES;
				CLANG_WARN_OBJC_IMPLICIT_RETAIN_SELF = YES;
				CLANG_WARN_OBJC_LITERAL_CONVERSION = YES;
				CLANG_WARN_OBJC_ROOT_CLASS = YES_ERROR;
				CLANG_WARN_QUOTED_INCLUDE_IN_FRAMEWORK_HEADER = YES;
				CLANG_WARN_RANGE_LOOP_ANALYSIS = YES;
				CLANG_WARN_STRICT_PROTOTYPES = YES;
				CLANG_WARN_SUSPICIOUS_MOVE = YES;
				COPY_PHASE_STRIP = YES;
				DEBUG_INFORMATION_FORMAT = "dwarf-with-dsym";
				DEVELOPMENT_TEAM = "";
				GCC_C_LANGUAGE_STANDARD = gnu17;
				GCC_NO_COMMON_BLOCKS = YES;
				GCC_OPTIMIZATION_LEVEL = 3;
				IPHONEOS_DEPLOYMENT_TARGET = 17.0;
				MTL_ENABLE_DEBUG_INFO = NO;
				MTL_FAST_MATH = YES;
				PRODUCT_NAME = Travels;
				SWIFT_COMPILATION_MODE = wholemodule;
				SWIFT_OPTIMIZATION_LEVEL = "-O";
				SWIFT_VERSION = 6.0;
				SYMROOT = /tmp/TravelsBuild;
			};
			name = Release;
		};
/* End XCBuildConfiguration section */

/* Begin XCConfigurationList section */
		1D2A3B4C5D6E7F8100010060 /* Build configuration list for PBXNativeTarget "Travels" */ = {
			isa = XCConfigurationList;
			buildConfigurations = (
				1D2A3B4C5D6E7F8100010090 /* Debug */,
				1D2A3B4C5D6E7F8100010091 /* Release */,
			);
			defaultConfigurationIsVisible = 0;
			defaultConfigurationName = Release;
		};
		1D2A3B4C5D6E7F8100010071 /* Build configuration list for PBXProject "Travels" */ = {
			isa = XCConfigurationList;
			buildConfigurations = (
				1D2A3B4C5D6E7F8100010092 /* Debug */,
				1D2A3B4C5D6E7F8100010093 /* Release */,
			);
			defaultConfigurationIsVisible = 0;
			defaultConfigurationName = Release;
		};
/* End XCConfigurationList section */
	};
	rootObject = 1D2A3B4C5D6E7F8100010070 /* Project object */;
}
